
Microsoft Visual Studio Solution File, Format Version 12.00
# Visual Studio 2012
Project("{D954291E-2A0B-460D-934E-DC6B0785DB48}") = "BeaconScanner", "BeaconScanner\BeaconScanner.shproj", "{67CD66A9-7F09-4761-9E7F-D16A3B496080}"
EndProject
Project("{FAE04EC0-301F-11D3-BF4B-00C04F79EFBC}") = "BeaconScanner.iOS", "iOS\BeaconScanner.iOS.csproj", "{7CD24D9E-FA80-4424-B603-62A15CC9BC09}"
EndProject
Project("{FAE04EC0-301F-11D3-BF4B-00C04F79EFBC}") = "BeaconScanner.Droid", "Droid\BeaconScanner.Droid.csproj", "{5CF850B2-68C1-49E8-898E-4C1743E05B11}"
EndProject
Global
	GlobalSection(SolutionConfigurationPlatforms) = preSolution
		Debug|iPhoneSimulator = Debug|iPhoneSimulator
		Release|iPhone = Release|iPhone
		Release|iPhoneSimulator = Release|iPhoneSimulator
		Debug|iPhone = Debug|iPhone
		Debug|Any CPU = Debug|Any CPU
		Release|Any CPU = Release|Any CPU
	EndGlobalSection
	GlobalSection(ProjectConfigurationPlatforms) = postSolution
		{7CD24D9E-FA80-4424-B603-62A15CC9BC09}.Debug|iPhoneSimulator.ActiveCfg = Debug|iPhoneSimulator
		{7CD24D9E-FA80-4424-B603-62A15CC9BC09}.Debug|iPhoneSimulator.Build.0 = Debug|iPhoneSimulator
		{7CD24D9E-FA80-4424-B603-62A15CC9BC09}.Release|iPhone.ActiveCfg = Release|iPhone
		{7CD24D9E-FA80-4424-B603-62A15CC9BC09}.Release|iPhone.Build.0 = Release|iPhone
		{7CD24D9E-FA80-4424-B603-62A15CC9BC09}.Release|iPhoneSimulator.ActiveCfg = Release|iPhoneSimulator
		{7CD24D9E-FA80-4424-B603-62A15CC9BC09}.Release|iPhoneSimulator.Build.0 = Release|iPhoneSimulator
		{7CD24D9E-FA80-4424-B603-62A15CC9BC09}.Debug|iPhone.ActiveCfg = Debug|iPhone
		{7CD24D9E-FA80-4424-B603-62A15CC9BC09}.Debug|iPhone.Build.0 = Debug|iPhone
		{7CD24D9E-FA80-4424-B603-62A15CC9BC09}.Debug|Any CPU.ActiveCfg = Debug|iPhoneSimulator
		{7CD24D9E-FA80-4424-B603-62A15CC9BC09}.Debug|Any CPU.Build.0 = Debug|iPhoneSimulator
		{7CD24D9E-FA80-4424-B603-62A15CC9BC09}.Release|Any CPU.ActiveCfg = Release|iPhone
		{7CD24D9E-FA80-4424-B603-62A15CC9BC09}.Release|Any CPU.Build.0 = Release|iPhone
		{5CF850B2-68C1-49E8-898E-4C1743E05B11}.Debug|iPhoneSimulator.ActiveCfg = Debug|Any CPU
		{5CF850B2-68C1-49E8-898E-4C1743E05B11}.Debug|iPhoneSimulator.Build.0 = Debug|Any CPU
		{5CF850B2-68C1-49E8-898E-4C1743E05B11}.Release|iPhone.ActiveCfg = Release|Any CPU
		{5CF850B2-68C1-49E8-898E-4C1743E05B11}.Release|iPhone.Build.0 = Release|Any CPU
		{5CF850B2-68C1-49E8-898E-4C1743E05B11}.Release|iPhoneSimulator.ActiveCfg = Release|Any CPU
		{5CF850B2-68C1-49E8-898E-4C1743E05B11}.Release|iPhoneSimulator.Build.0 = Release|Any CPU
		{5CF850B2-68C1-49E8-898E-4C1743E05B11}.Debug|iPhone.ActiveCfg = Debug|Any CPU
		{5CF850B2-68C1-49E8-898E-4C1743E05B11}.Debug|iPhone.Build.0 = Debug|Any CPU
		{5CF850B2-68C1-49E8-898E-4C1743E05B11}.Debug|Any CPU.ActiveCfg = Debug|Any CPU
		{5CF850B2-68C1-49E8-898E-4C1743E05B11}.Debug|Any CPU.Build.0 = Debug|Any CPU
		{5CF850B2-68C1-49E8-898E-4C1743E05B11}.Release|Any CPU.ActiveCfg = Release|Any CPU
		{5CF850B2-68C1-49E8-898E-4C1743E05B11}.Release|Any CPU.Build.0 = Release|Any CPU
	EndGlobalSection
EndGlobal
